
Microsoft Visual Studio Solution File, Format Version 12.00
# Visual Studio Version 16
VisualStudioVersion = 16.0.31515.178
MinimumVisualStudioVersion = 10.0.40219.1
Project("{FAE04EC0-301F-11D3-BF4B-00C04F79EFBC}") = "Measurements.WebApi", "Measurements.WebApi\Measurements.WebApi.csproj", "{39EE5DD6-D0D8-4CE4-A6F5-8372C542AED8}"
EndProject
Project("{FAE04EC0-301F-11D3-BF4B-00C04F79EFBC}") = "Measurements.Domain", "Measurements.Domain\Measurements.Domain.csproj", "{FD023E88-5173-4548-A43A-EE4A085352CA}"
EndProject
Project("{FAE04EC0-301F-11D3-BF4B-00C04F79EFBC}") = "Measurements.Application", "Measurements.Application\Measurements.Application.csproj", "{4C01E5BC-6A3F-4FD5-9046-BA61D71F9E80}"
EndProject
Project("{FAE04EC0-301F-11D3-BF4B-00C04F79EFBC}") = "Measurements.Infrastructure", "Measurements.Infrastructure\Measurements.Infrastructure.csproj", "{F1FC22A8-C1D4-45CA-92BD-79515FD8A01B}"
EndProject
Global
	GlobalSection(SolutionConfigurationPlatforms) = preSolution
		Debug|Any CPU = Debug|Any CPU
		Release|Any CPU = Release|Any CPU
	EndGlobalSection
	GlobalSection(ProjectConfigurationPlatforms) = postSolution
		{39EE5DD6-D0D8-4CE4-A6F5-8372C542AED8}.Debug|Any CPU.ActiveCfg = Debug|Any CPU
		{39EE5DD6-D0D8-4CE4-A6F5-8372C542AED8}.Debug|Any CPU.Build.0 = Debug|Any CPU
		{39EE5DD6-D0D8-4CE4-A6F5-8372C542AED8}.Release|Any CPU.ActiveCfg = Release|Any CPU
		{39EE5DD6-D0D8-4CE4-A6F5-8372C542AED8}.Release|Any CPU.Build.0 = Release|Any CPU
		{FD023E88-5173-4548-A43A-EE4A085352CA}.Debug|Any CPU.ActiveCfg = Debug|Any CPU
		{FD023E88-5173-4548-A43A-EE4A085352CA}.Debug|Any CPU.Build.0 = Debug|Any CPU
		{FD023E88-5173-4548-A43A-EE4A085352CA}.Release|Any CPU.ActiveCfg = Release|Any CPU
		{FD023E88-5173-4548-A43A-EE4A085352CA}.Release|Any CPU.Build.0 = Release|Any CPU
		{4C01E5BC-6A3F-4FD5-9046-BA61D71F9E80}.Debug|Any CPU.ActiveCfg = Debug|Any CPU
		{4C01E5BC-6A3F-4FD5-9046-BA61D71F9E80}.Debug|Any CPU.Build.0 = Debug|Any CPU
		{4C01E5BC-6A3F-4FD5-9046-BA61D71F9E80}.Release|Any CPU.ActiveCfg = Release|Any CPU
		{4C01E5BC-6A3F-4FD5-9046-BA61D71F9E80}.Release|Any CPU.Build.0 = Release|Any CPU
		{F1FC22A8-C1D4-45CA-92BD-79515FD8A01B}.Debug|Any CPU.ActiveCfg = Debug|Any CPU
		{F1FC22A8-C1D4-45CA-92BD-79515FD8A01B}.Debug|Any CPU.Build.0 = Debug|Any CPU
		{F1FC22A8-C1D4-45CA-92BD-79515FD8A01B}.Release|Any CPU.ActiveCfg = Release|Any CPU
		{F1FC22A8-C1D4-45CA-92BD-79515FD8A01B}.Release|Any CPU.Build.0 = Release|Any CPU
	EndGlobalSection
	GlobalSection(SolutionProperties) = preSolution
		HideSolutionNode = FALSE
	EndGlobalSection
	GlobalSection(ExtensibilityGlobals) = postSolution
		SolutionGuid = {FDB98394-FCA7-45A5-8F5D-20A07E6256F5}
	EndGlobalSection
EndGlobal
